
Microsoft Visual Studio Solution File, Format Version 12.00
# Visual Studio Version 16
VisualStudioVersion = 16.0.31005.135
MinimumVisualStudioVersion = 10.0.40219.1
Project("{FAE04EC0-301F-11D3-BF4B-00C04F79EFBC}") = "RobotUI", "RobotUI\RobotUI.csproj", "{556E6701-E87F-466D-9A32-2BD1B72F7422}"
EndProject
Global
	GlobalSection(SolutionConfigurationPlatforms) = preSolution
		Debug|Any CPU = Debug|Any CPU
		Release|Any CPU = Release|Any CPU
	EndGlobalSection
	GlobalSection(ProjectConfigurationPlatforms) = postSolution
		{556E6701-E87F-466D-9A32-2BD1B72F7422}.Debug|Any CPU.ActiveCfg = Debug|Any CPU
		{556E6701-E87F-466D-9A32-2BD1B72F7422}.Debug|Any CPU.Build.0 = Debug|Any CPU
		{556E6701-E87F-466D-9A32-2BD1B72F7422}.Release|Any CPU.ActiveCfg = Release|Any CPU
		{556E6701-E87F-466D-9A32-2BD1B72F7422}.Release|Any CPU.Build.0 = Release|Any CPU
	EndGlobalSection
	GlobalSection(SolutionProperties) = preSolution
		HideSolutionNode = FALSE
	EndGlobalSection
	GlobalSection(ExtensibilityGlobals) = postSolution
		SolutionGuid = {017EB596-1554-48F8-880E-BF3A9724FCE4}
	EndGlobalSection
EndGlobal
